// !$*UTF8*$!
{
	archiveVersion = 1;
	classes = {
	};
	objectVersion = 48;
	objects = {

/* Begin PBXBuildFile section */
		5700EB6422590EDB00979623 /* AppDelegate.swift in Sources */ = {isa = PBXBuildFile; fileRef = 5700EB6322590EDB00979623 /* AppDelegate.swift */; };
		5700EB6622590EDB00979623 /* ViewController.swift in Sources */ = {isa = PBXBuildFile; fileRef = 5700EB6522590EDB00979623 /* ViewController.swift */; };
		5700EB6922590EDB00979623 /* Main.storyboard in Resources */ = {isa = PBXBuildFile; fileRef = 5700EB6722590EDB00979623 /* Main.storyboard */; };
		5700EB6C22590EDB00979623 /* CatalogoProdutos.xcdatamodeld in Sources */ = {isa = PBXBuildFile; fileRef = 5700EB6A22590EDB00979623 /* CatalogoProdutos.xcdatamodeld */; };
		5700EB6E22590EDB00979623 /* Assets.xcassets in Resources */ = {isa = PBXBuildFile; fileRef = 5700EB6D22590EDB00979623 /* Assets.xcassets */; };
		5700EB7122590EDB00979623 /* LaunchScreen.storyboard in Resources */ = {isa = PBXBuildFile; fileRef = 5700EB6F22590EDB00979623 /* LaunchScreen.storyboard */; };
/* End PBXBuildFile section */

/* Begin PBXFileReference section */
		5700EB6022590EDB00979623 /* CatalogoProdutos.app */ = {isa = PBXFileReference; explicitFileType = wrapper.application; includeInIndex = 0; path = CatalogoProdutos.app; sourceTree = BUILT_PRODUCTS_DIR; };
		5700EB6322590EDB00979623 /* AppDelegate.swift */ = {isa = PBXFileReference; lastKnownFileType = sourcecode.swift; path = AppDelegate.swift; sourceTree = "<group>"; };
		5700EB6522590EDB00979623 /* ViewController.swift */ = {isa = PBXFileReference; lastKnownFileType = sourcecode.swift; path = ViewController.swift; sourceTree = "<group>"; };
		5700EB6822590EDB00979623 /* Base */ = {isa = PBXFileReference; lastKnownFileType = file.storyboard; name = Base; path = Base.lproj/Main.storyboard; sourceTree = "<group>"; };
		5700EB6B22590EDB00979623 /* CatalogoProdutos.xcdatamodel */ = {isa = PBXFileReference; lastKnownFileType = wrapper.xcdatamodel; path = CatalogoProdutos.xcdatamodel; sourceTree = "<group>"; };
		5700EB6D22590EDB00979623 /* Assets.xcassets */ = {isa = PBXFileReference; lastKnownFileType = folder.assetcatalog; path = Assets.xcassets; sourceTree = "<group>"; };
		5700EB7022590EDB00979623 /* Base */ = {isa = PBXFileReference; lastKnownFileType = file.storyboard; name = Base; path = Base.lproj/LaunchScreen.storyboard; sourceTree = "<group>"; };
		5700EB7222590EDB00979623 /* Info.plist */ = {isa = PBXFileReference; lastKnownFileType = text.plist.xml; path = Info.plist; sourceTree = "<group>"; };
/* End PBXFileReference section */

/* Begin PBXFrameworksBuildPhase section */
		5700EB5D22590EDB00979623 /* Frameworks */ = {
			isa = PBXFrameworksBuildPhase;
			buildActionMask = 2147483647;
			files = (
			);
			runOnlyForDeploymentPostprocessing = 0;
		};
/* End PBXFrameworksBuildPhase section */

/* Begin PBXGroup section */
		5700EB5722590EDB00979623 = {
			isa = PBXGroup;
			children = (
				5700EB6222590EDB00979623 /* CatalogoProdutos */,
				5700EB6122590EDB00979623 /* Products */,
			);
			sourceTree = "<group>";
		};
		5700EB6122590EDB00979623 /* Products */ = {
			isa = PBXGroup;
			children = (
				5700EB6022590EDB00979623 /* CatalogoProdutos.app */,
			);
			name = Products;
			sourceTree = "<group>";
		};
		5700EB6222590EDB00979623 /* CatalogoProdutos */ = {
			isa = PBXGroup;
			children = (
				5700EB6322590EDB00979623 /* AppDelegate.swift */,
				5700EB6522590EDB00979623 /* ViewController.swift */,
				5700EB6722590EDB00979623 /* Main.storyboard */,
				5700EB6D22590EDB00979623 /* Assets.xcassets */,
				5700EB6F22590EDB00979623 /* LaunchScreen.storyboard */,
				5700EB7222590EDB00979623 /* Info.plist */,
				5700EB6A22590EDB00979623 /* CatalogoProdutos.xcdatamodeld */,
			);
			path = CatalogoProdutos;
			sourceTree = "<group>";
		};
/* End PBXGroup section */

/* Begin PBXNativeTarget section */
		5700EB5F22590EDB00979623 /* CatalogoProdutos */ = {
			isa = PBXNativeTarget;
			buildConfigurationList = 5700EB7522590EDB00979623 /* Build configuration list for PBXNativeTarget "CatalogoProdutos" */;
			buildPhases = (
				5700EB5C22590EDB00979623 /* Sources */,
				5700EB5D22590EDB00979623 /* Frameworks */,
				5700EB5E22590EDB00979623 /* Resources */,
			);
			buildRules = (
			);
			dependencies = (
			);
			name = CatalogoProdutos;
			productName = CatalogoProdutos;
			productReference = 5700EB6022590EDB00979623 /* CatalogoProdutos.app */;
			productType = "com.apple.product-type.application";
		};
/* End PBXNativeTarget section */

/* Begin PBXProject section */
		5700EB5822590EDB00979623 /* Project object */ = {
			isa = PBXProject;
			attributes = {
				LastSwiftUpdateCheck = 0920;
				LastUpgradeCheck = 0920;
				ORGANIZATIONNAME = Aluno;
				TargetAttributes = {
					5700EB5F22590EDB00979623 = {
						CreatedOnToolsVersion = 9.2;
						ProvisioningStyle = Automatic;
					};
				};
			};
			buildConfigurationList = 5700EB5B22590EDB00979623 /* Build configuration list for PBXProject "CatalogoProdutos" */;
			compatibilityVersion = "Xcode 8.0";
			developmentRegion = en;
			hasScannedForEncodings = 0;
			knownRegions = (
				en,
				Base,
			);
			mainGroup = 5700EB5722590EDB00979623;
			productRefGroup = 5700EB6122590EDB00979623 /* Products */;
			projectDirPath = "";
			projectRoot = "";
			targets = (
				5700EB5F22590EDB00979623 /* CatalogoProdutos */,
			);
		};
/* End PBXProject section */

/* Begin PBXResourcesBuildPhase section */
		5700EB5E22590EDB00979623 /* Resources */ = {
			isa = PBXResourcesBuildPhase;
			buildActionMask = 2147483647;
			files = (
				5700EB7122590EDB00979623 /* LaunchScreen.storyboard in Resources */,
				5700EB6E22590EDB00979623 /* Assets.xcassets in Resources */,
				5700EB6922590EDB00979623 /* Main.storyboard in Resources */,
			);
			runOnlyForDeploymentPostprocessing = 0;
		};
/* End PBXResourcesBuildPhase section */

/* Begin PBXSourcesBuildPhase section */
		5700EB5C22590EDB00979623 /* Sources */ = {
			isa = PBXSourcesBuildPhase;
			buildActionMask = 2147483647;
			files = (
				5700EB6622590EDB00979623 /* ViewController.swift in Sources */,
				5700EB6C22590EDB00979623 /* CatalogoProdutos.xcdatamodeld in Sources */,
				5700EB6422590EDB00979623 /* AppDelegate.swift in Sources */,
			);
			runOnlyForDeploymentPostprocessing = 0;
		};
/* End PBXSourcesBuildPhase section */

/* Begin PBXVariantGroup section */
		5700EB6722590EDB00979623 /* Main.storyboard */ = {
			isa = PBXVariantGroup;
			children = (
				5700EB6822590EDB00979623 /* Base */,
			);
			name = Main.storyboard;
			sourceTree = "<group>";
		};
		5700EB6F22590EDB00979623 /* LaunchScreen.storyboard */ = {
			isa = PBXVariantGroup;
			children = (
				5700EB7022590EDB00979623 /* Base */,
			);
			name = LaunchScreen.storyboard;
			sourceTree = "<group>";
		};
/* End PBXVariantGroup section */

/* Begin XCBuildConfiguration section */
		5700EB7322590EDB00979623 /* Debug */ = {
			isa = XCBuildConfiguration;
			buildSettings = {
				ALWAYS_SEARCH_USER_PATHS = NO;
				CLANG_ANALYZER_NONNULL = YES;
				CLANG_ANALYZER_NUMBER_OBJECT_CONVERSION = YES_AGGRESSIVE;
				CLANG_CXX_LANGUAGE_STANDARD = "gnu++14";
				CLANG_CXX_LIBRARY = "libc++";
				CLANG_ENABLE_MODULES = YES;
				CLANG_ENABLE_OBJC_ARC = YES;
				CLANG_WARN_BLOCK_CAPTURE_AUTORELEASING = YES;
				CLANG_WARN_BOOL_CONVERSION = YES;
				CLANG_WARN_COMMA = YES;
				CLANG_WARN_CONSTANT_CONVERSION = YES;
				CLANG_WARN_DIRECT_OBJC_ISA_USAGE = YES_ERROR;
				CLANG_WARN_DOCUMENTATION_COMMENTS = YES;
				CLANG_WARN_EMPTY_BODY = YES;
				CLANG_WARN_ENUM_CONVERSION = YES;
				CLANG_WARN_INFINITE_RECURSION = YES;
				CLANG_WARN_INT_CONVERSION = YES;
				CLANG_WARN_NON_LITERAL_NULL_CONVERSION = YES;
				CLANG_WARN_OBJC_LITERAL_CONVERSION = YES;
				CLANG_WARN_OBJC_ROOT_CLASS = YES_ERROR;
				CLANG_WARN_RANGE_LOOP_ANALYSIS = YES;
				CLANG_WARN_STRICT_PROTOTYPES = YES;
				CLANG_WARN_SUSPICIOUS_MOVE = YES;
				CLANG_WARN_UNGUARDED_AVAILABILITY = YES_AGGRESSIVE;
				CLANG_WARN_UNREACHABLE_CODE = YES;
				CLANG_WARN__DUPLICATE_METHOD_MATCH = YES;
				CODE_SIGN_IDENTITY = "iPhone Developer";
				COPY_PHASE_STRIP = NO;
				DEBUG_INFORMATION_FORMAT = dwarf;
				ENABLE_STRICT_OBJC_MSGSEND = YES;
				ENABLE_TESTABILITY = YES;
				GCC_C_LANGUAGE_STANDARD = gnu11;
				GCC_DYNAMIC_NO_PIC = NO;
				GCC_NO_COMMON_BLOCKS = YES;
				GCC_OPTIMIZATION_LEVEL = 0;
				GCC_PREPROCESSOR_DEFINITIONS = (
					"DEBUG=1",
					"$(inherited)",
				);
				GCC_WARN_64_TO_32_BIT_CONVERSION = YES;
				GCC_WARN_ABOUT_RETURN_TYPE = YES_ERROR;
				GCC_WARN_UNDECLARED_SELECTOR = YES;
				GCC_WARN_UNINITIALIZED_AUTOS = YES_AGGRESSIVE;
				GCC_WARN_UNUSED_FUNCTION = YES;
				GCC_WARN_UNUSED_VARIABLE = YES;
				IPHONEOS_DEPLOYMENT_TARGET = 11.2;
				MTL_ENABLE_DEBUG_INFO = YES;
				ONLY_ACTIVE_ARCH = YES;
				SDKROOT = iphoneos;
				SWIFT_ACTIVE_COMPILATION_CONDITIONS = DEBUG;
				SWIFT_OPTIMIZATION_LEVEL = "-Onone";
			};
			name = Debug;
		};
		5700EB7422590EDB00979623 /* Release */ = {
			isa = XCBuildConfiguration;
			buildSettings = {
				ALWAYS_SEARCH_USER_PATHS = NO;
				CLANG_ANALYZER_NONNULL = YES;
				CLANG_ANALYZER_NUMBER_OBJECT_CONVERSION = YES_AGGRESSIVE;
				CLANG_CXX_LANGUAGE_STANDARD = "gnu++14";
				CLANG_CXX_LIBRARY = "libc++";
				CLANG_ENABLE_MODULES = YES;
				CLANG_ENABLE_OBJC_ARC = YES;
				CLANG_WARN_BLOCK_CAPTURE_AUTORELEASING = YES;
				CLANG_WARN_BOOL_CONVERSION = YES;
				CLANG_WARN_COMMA = YES;
				CLANG_WARN_CONSTANT_CONVERSION = YES;
				CLANG_WARN_DIRECT_OBJC_ISA_USAGE = YES_ERROR;
				CLANG_WARN_DOCUMENTATION_COMMENTS = YES;
				CLANG_WARN_EMPTY_BODY = YES;
				CLANG_WARN_ENUM_CONVERSION = YES;
				CLANG_WARN_INFINITE_RECURSION = YES;
				CLANG_WARN_INT_CONVERSION = YES;
				CLANG_WARN_NON_LITERAL_NULL_CONVERSION = YES;
				CLANG_WARN_OBJC_LITERAL_CONVERSION = YES;
				CLANG_WARN_OBJC_ROOT_CLASS = YES_ERROR;
				CLANG_WARN_RANGE_LOOP_ANALYSIS = YES;
				CLANG_WARN_STRICT_PROTOTYPES = YES;
				CLANG_WARN_SUSPICIOUS_MOVE = YES;
				CLANG_WARN_UNGUARDED_AVAILABILITY = YES_AGGRESSIVE;
				CLANG_WARN_UNREACHABLE_CODE = YES;
				CLANG_WARN__DUPLICATE_METHOD_MATCH = YES;
				CODE_SIGN_IDENTITY = "iPhone Developer";
				COPY_PHASE_STRIP = NO;
				DEBUG_INFORMATION_FORMAT = "dwarf-with-dsym";
				ENABLE_NS_ASSERTIONS = NO;
				ENABLE_STRICT_OBJC_MSGSEND = YES;
				GCC_C_LANGUAGE_STANDARD = gnu11;
				GCC_NO_COMMON_BLOCKS = YES;
				GCC_WARN_64_TO_32_BIT_CONVERSION = YES;
				GCC_WARN_ABOUT_RETURN_TYPE = YES_ERROR;
				GCC_WARN_UNDECLARED_SELECTOR = YES;
				GCC_WARN_UNINITIALIZED_AUTOS = YES_AGGRESSIVE;
				GCC_WARN_UNUSED_FUNCTION = YES;
				GCC_WARN_UNUSED_VARIABLE = YES;
				IPHONEOS_DEPLOYMENT_TARGET = 11.2;
				MTL_ENABLE_DEBUG_INFO = NO;
				SDKROOT = iphoneos;
				SWIFT_OPTIMIZATION_LEVEL = "-Owholemodule";
				VALIDATE_PRODUCT = YES;
			};
			name = Release;
		};
		5700EB7622590EDB00979623 /* Debug */ = {
			isa = XCBuildConfiguration;
			buildSettings = {
				ASSETCATALOG_COMPILER_APPICON_NAME = AppIcon;
				CODE_SIGN_STYLE = Automatic;
				DEVELOPMENT_TEAM = QQ2VJ44JAY;
				INFOPLIST_FILE = CatalogoProdutos/Info.plist;
				LD_RUNPATH_SEARCH_PATHS = "$(inherited) @executable_path/Frameworks";
				PRODUCT_BUNDLE_IDENTIFIER = ufg.br.CatalogoProdutos;
				PRODUCT_NAME = "$(TARGET_NAME)";
				SWIFT_VERSION = 4.0;
				TARGETED_DEVICE_FAMILY = "1,2";
			};
			name = Debug;
		};
		5700EB7722590EDB00979623 /* Release */ = {
			isa = XCBuildConfiguration;
			buildSettings = {
				ASSETCATALOG_COMPILER_APPICON_NAME = AppIcon;
				CODE_SIGN_STYLE = Automatic;
				DEVELOPMENT_TEAM = QQ2VJ44JAY;
				INFOPLIST_FILE = CatalogoProdutos/Info.plist;
				LD_RUNPATH_SEARCH_PATHS = "$(inherited) @executable_path/Frameworks";
				PRODUCT_BUNDLE_IDENTIFIER = ufg.br.CatalogoProdutos;
				PRODUCT_NAME = "$(TARGET_NAME)";
				SWIFT_VERSION = 4.0;
				TARGETED_DEVICE_FAMILY = "1,2";
			};
			name = Release;
		};
/* End XCBuildConfiguration section */

/* Begin XCConfigurationList section */
		5700EB5B22590EDB00979623 /* Build configuration list for PBXProject "CatalogoProdutos" */ = {
			isa = XCConfigurationList;
			buildConfigurations = (
				5700EB7322590EDB00979623 /* Debug */,
				5700EB7422590EDB00979623 /* Release */,
			);
			defaultConfigurationIsVisible = 0;
			defaultConfigurationName = Release;
		};
		5700EB7522590EDB00979623 /* Build configuration list for PBXNativeTarget "CatalogoProdutos" */ = {
			isa = XCConfigurationList;
			buildConfigurations = (
				5700EB7622590EDB00979623 /* Debug */,
				5700EB7722590EDB00979623 /* Release */,
			);
			defaultConfigurationIsVisible = 0;
			defaultConfigurationName = Release;
		};
/* End XCConfigurationList section */

/* Begin XCVersionGroup section */
		5700EB6A22590EDB00979623 /* CatalogoProdutos.xcdatamodeld */ = {
			isa = XCVersionGroup;
			children = (
				5700EB6B22590EDB00979623 /* CatalogoProdutos.xcdatamodel */,
			);
			currentVersion = 5700EB6B22590EDB00979623 /* CatalogoProdutos.xcdatamodel */;
			path = CatalogoProdutos.xcdatamodeld;
			sourceTree = "<group>";
			versionGroupType = wrapper.xcdatamodel;
		};
/* End XCVersionGroup section */
	};
	rootObject = 5700EB5822590EDB00979623 /* Project object */;
}
